
Microsoft Visual Studio Solution File, Format Version 12.00
# Visual Studio 2013
VisualStudioVersion = 12.0.21005.1
MinimumVisualStudioVersion = 10.0.40219.1
Project("{FAE04EC0-301F-11D3-BF4B-00C04F79EFBC}") = "Ddbb.App", "Ddbb\Ddbb.App.csproj", "{2F6E0A27-5391-46A0-8910-F4C57BEF9F37}"
EndProject
Project("{FAE04EC0-301F-11D3-BF4B-00C04F79EFBC}") = "Ddbb.Core", "Ddbb.Core\Ddbb.Core.csproj", "{412C0DAB-D921-4CE5-BE42-2600C0E95F17}"
EndProject
Project("{FAE04EC0-301F-11D3-BF4B-00C04F79EFBC}") = "Ddbb.Data", "Ddbb.Data\Ddbb.Data.csproj", "{27DE201D-4022-43F6-9B68-00BA9CFA1982}"
EndProject
Project("{FAE04EC0-301F-11D3-BF4B-00C04F79EFBC}") = "Ddbb.Data.Tests", "Ddbb.Data.Tests\Ddbb.Data.Tests.csproj", "{2072B7DA-1E92-4E4F-AEF8-A14DE1B1AB0A}"
EndProject
Global
	GlobalSection(SolutionConfigurationPlatforms) = preSolution
		Debug|Any CPU = Debug|Any CPU
		Release|Any CPU = Release|Any CPU
	EndGlobalSection
	GlobalSection(ProjectConfigurationPlatforms) = postSolution
		{2F6E0A27-5391-46A0-8910-F4C57BEF9F37}.Debug|Any CPU.ActiveCfg = Debug|Any CPU
		{2F6E0A27-5391-46A0-8910-F4C57BEF9F37}.Debug|Any CPU.Build.0 = Debug|Any CPU
		{2F6E0A27-5391-46A0-8910-F4C57BEF9F37}.Release|Any CPU.ActiveCfg = Release|Any CPU
		{2F6E0A27-5391-46A0-8910-F4C57BEF9F37}.Release|Any CPU.Build.0 = Release|Any CPU
		{412C0DAB-D921-4CE5-BE42-2600C0E95F17}.Debug|Any CPU.ActiveCfg = Debug|Any CPU
		{412C0DAB-D921-4CE5-BE42-2600C0E95F17}.Debug|Any CPU.Build.0 = Debug|Any CPU
		{412C0DAB-D921-4CE5-BE42-2600C0E95F17}.Release|Any CPU.ActiveCfg = Release|Any CPU
		{412C0DAB-D921-4CE5-BE42-2600C0E95F17}.Release|Any CPU.Build.0 = Release|Any CPU
		{27DE201D-4022-43F6-9B68-00BA9CFA1982}.Debug|Any CPU.ActiveCfg = Debug|Any CPU
		{27DE201D-4022-43F6-9B68-00BA9CFA1982}.Debug|Any CPU.Build.0 = Debug|Any CPU
		{27DE201D-4022-43F6-9B68-00BA9CFA1982}.Release|Any CPU.ActiveCfg = Release|Any CPU
		{27DE201D-4022-43F6-9B68-00BA9CFA1982}.Release|Any CPU.Build.0 = Release|Any CPU
		{2072B7DA-1E92-4E4F-AEF8-A14DE1B1AB0A}.Debug|Any CPU.ActiveCfg = Debug|Any CPU
		{2072B7DA-1E92-4E4F-AEF8-A14DE1B1AB0A}.Debug|Any CPU.Build.0 = Debug|Any CPU
		{2072B7DA-1E92-4E4F-AEF8-A14DE1B1AB0A}.Release|Any CPU.ActiveCfg = Release|Any CPU
		{2072B7DA-1E92-4E4F-AEF8-A14DE1B1AB0A}.Release|Any CPU.Build.0 = Release|Any CPU
	EndGlobalSection
	GlobalSection(SolutionProperties) = preSolution
		HideSolutionNode = FALSE
	EndGlobalSection
EndGlobal
