
Microsoft Visual Studio Solution File, Format Version 12.00
# Visual Studio 2013
VisualStudioVersion = 12.0.30723.0
MinimumVisualStudioVersion = 10.0.40219.1
Project("{FAE04EC0-301F-11D3-BF4B-00C04F79EFBC}") = "App", "app\App.csproj", "{B93EF9B6-7BC3-4348-99CD-D46EF03D9B41}"
EndProject
Project("{2150E333-8FDC-42A3-9474-1A3956D46DE8}") = ".nuget", ".nuget", "{306DB985-3708-4B61-861A-BB78F5DC82B6}"
	ProjectSection(SolutionItems) = preProject
		.nuget\NuGet.Config = .nuget\NuGet.Config
		.nuget\NuGet.exe = .nuget\NuGet.exe
		.nuget\NuGet.targets = .nuget\NuGet.targets
	EndProjectSection
EndProject
Project("{FAE04EC0-301F-11D3-BF4B-00C04F79EFBC}") = "Contracts", "contracts\Contracts.csproj", "{D3E0D7F8-132F-4419-BF49-38600F5555F2}"
EndProject
Project("{FAE04EC0-301F-11D3-BF4B-00C04F79EFBC}") = "DbExplorer", "components\dbExplorer\DbExplorer.csproj", "{08F2EC89-33CE-47FE-A9E8-D6BC11629D9E}"
EndProject
Project("{2150E333-8FDC-42A3-9474-1A3956D46DE8}") = "Components", "Components", "{D9608A3B-EA6D-4928-9C46-A7265D6A06D9}"
EndProject
Project("{FAE04EC0-301F-11D3-BF4B-00C04F79EFBC}") = "Shell", "components\shell\Shell.csproj", "{6131EF8D-6642-478E-9F1B-E9818014D386}"
EndProject
Project("{FAE04EC0-301F-11D3-BF4B-00C04F79EFBC}") = "ViewManager", "components\viewManager\ViewManager.csproj", "{EA167901-A0C1-4F7A-8F9D-D4D15EB5CA50}"
EndProject
Project("{2150E333-8FDC-42A3-9474-1A3956D46DE8}") = "Data", "Data", "{D7864945-5F54-4BA7-B718-8274510810B7}"
EndProject
Project("{FAE04EC0-301F-11D3-BF4B-00C04F79EFBC}") = "DataContracts", "data\dataContracts\DataContracts.csproj", "{3779EAAA-FC1A-47AB-948B-ED589BDEBD59}"
EndProject
Project("{FAE04EC0-301F-11D3-BF4B-00C04F79EFBC}") = "DocumentDb", "data\documentDb\DocumentDb.csproj", "{D08ABAEA-4BCA-4FDC-80AE-DDD7478C3AA5}"
EndProject
Project("{2150E333-8FDC-42A3-9474-1A3956D46DE8}") = "Core", "Core", "{3C0FCFE7-808D-40C7-BE48-990C11F14528}"
EndProject
Project("{FAE04EC0-301F-11D3-BF4B-00C04F79EFBC}") = "Domain", "domain\Domain.csproj", "{A9D6F9B4-5993-4B77-9548-311B11D19B42}"
EndProject
Project("{FAE04EC0-301F-11D3-BF4B-00C04F79EFBC}") = "Infrastructure", "infrastructure\Infrastructure.csproj", "{FF25B6F1-F128-4019-92BA-8E5ED41A29FF}"
EndProject
Project("{FAE04EC0-301F-11D3-BF4B-00C04F79EFBC}") = "ConnectionManager", "components\connectionManager\ConnectionManager.csproj", "{60DC0425-6B60-4F86-B206-EF12D845C392}"
EndProject
Global
	GlobalSection(SolutionConfigurationPlatforms) = preSolution
		Debug|Any CPU = Debug|Any CPU
		Release|Any CPU = Release|Any CPU
	EndGlobalSection
	GlobalSection(ProjectConfigurationPlatforms) = postSolution
		{B93EF9B6-7BC3-4348-99CD-D46EF03D9B41}.Debug|Any CPU.ActiveCfg = Debug|Any CPU
		{B93EF9B6-7BC3-4348-99CD-D46EF03D9B41}.Debug|Any CPU.Build.0 = Debug|Any CPU
		{B93EF9B6-7BC3-4348-99CD-D46EF03D9B41}.Release|Any CPU.ActiveCfg = Release|Any CPU
		{B93EF9B6-7BC3-4348-99CD-D46EF03D9B41}.Release|Any CPU.Build.0 = Release|Any CPU
		{D3E0D7F8-132F-4419-BF49-38600F5555F2}.Debug|Any CPU.ActiveCfg = Debug|Any CPU
		{D3E0D7F8-132F-4419-BF49-38600F5555F2}.Debug|Any CPU.Build.0 = Debug|Any CPU
		{D3E0D7F8-132F-4419-BF49-38600F5555F2}.Release|Any CPU.ActiveCfg = Release|Any CPU
		{D3E0D7F8-132F-4419-BF49-38600F5555F2}.Release|Any CPU.Build.0 = Release|Any CPU
		{08F2EC89-33CE-47FE-A9E8-D6BC11629D9E}.Debug|Any CPU.ActiveCfg = Debug|Any CPU
		{08F2EC89-33CE-47FE-A9E8-D6BC11629D9E}.Debug|Any CPU.Build.0 = Debug|Any CPU
		{08F2EC89-33CE-47FE-A9E8-D6BC11629D9E}.Release|Any CPU.ActiveCfg = Release|Any CPU
		{08F2EC89-33CE-47FE-A9E8-D6BC11629D9E}.Release|Any CPU.Build.0 = Release|Any CPU
		{6131EF8D-6642-478E-9F1B-E9818014D386}.Debug|Any CPU.ActiveCfg = Debug|Any CPU
		{6131EF8D-6642-478E-9F1B-E9818014D386}.Debug|Any CPU.Build.0 = Debug|Any CPU
		{6131EF8D-6642-478E-9F1B-E9818014D386}.Release|Any CPU.ActiveCfg = Release|Any CPU
		{6131EF8D-6642-478E-9F1B-E9818014D386}.Release|Any CPU.Build.0 = Release|Any CPU
		{EA167901-A0C1-4F7A-8F9D-D4D15EB5CA50}.Debug|Any CPU.ActiveCfg = Debug|Any CPU
		{EA167901-A0C1-4F7A-8F9D-D4D15EB5CA50}.Debug|Any CPU.Build.0 = Debug|Any CPU
		{EA167901-A0C1-4F7A-8F9D-D4D15EB5CA50}.Release|Any CPU.ActiveCfg = Release|Any CPU
		{EA167901-A0C1-4F7A-8F9D-D4D15EB5CA50}.Release|Any CPU.Build.0 = Release|Any CPU
		{3779EAAA-FC1A-47AB-948B-ED589BDEBD59}.Debug|Any CPU.ActiveCfg = Debug|Any CPU
		{3779EAAA-FC1A-47AB-948B-ED589BDEBD59}.Debug|Any CPU.Build.0 = Debug|Any CPU
		{3779EAAA-FC1A-47AB-948B-ED589BDEBD59}.Release|Any CPU.ActiveCfg = Release|Any CPU
		{3779EAAA-FC1A-47AB-948B-ED589BDEBD59}.Release|Any CPU.Build.0 = Release|Any CPU
		{D08ABAEA-4BCA-4FDC-80AE-DDD7478C3AA5}.Debug|Any CPU.ActiveCfg = Debug|Any CPU
		{D08ABAEA-4BCA-4FDC-80AE-DDD7478C3AA5}.Debug|Any CPU.Build.0 = Debug|Any CPU
		{D08ABAEA-4BCA-4FDC-80AE-DDD7478C3AA5}.Release|Any CPU.ActiveCfg = Release|Any CPU
		{D08ABAEA-4BCA-4FDC-80AE-DDD7478C3AA5}.Release|Any CPU.Build.0 = Release|Any CPU
		{A9D6F9B4-5993-4B77-9548-311B11D19B42}.Debug|Any CPU.ActiveCfg = Debug|Any CPU
		{A9D6F9B4-5993-4B77-9548-311B11D19B42}.Debug|Any CPU.Build.0 = Debug|Any CPU
		{A9D6F9B4-5993-4B77-9548-311B11D19B42}.Release|Any CPU.ActiveCfg = Release|Any CPU
		{A9D6F9B4-5993-4B77-9548-311B11D19B42}.Release|Any CPU.Build.0 = Release|Any CPU
		{FF25B6F1-F128-4019-92BA-8E5ED41A29FF}.Debug|Any CPU.ActiveCfg = Debug|Any CPU
		{FF25B6F1-F128-4019-92BA-8E5ED41A29FF}.Debug|Any CPU.Build.0 = Debug|Any CPU
		{FF25B6F1-F128-4019-92BA-8E5ED41A29FF}.Release|Any CPU.ActiveCfg = Release|Any CPU
		{FF25B6F1-F128-4019-92BA-8E5ED41A29FF}.Release|Any CPU.Build.0 = Release|Any CPU
		{60DC0425-6B60-4F86-B206-EF12D845C392}.Debug|Any CPU.ActiveCfg = Debug|Any CPU
		{60DC0425-6B60-4F86-B206-EF12D845C392}.Debug|Any CPU.Build.0 = Debug|Any CPU
		{60DC0425-6B60-4F86-B206-EF12D845C392}.Release|Any CPU.ActiveCfg = Release|Any CPU
		{60DC0425-6B60-4F86-B206-EF12D845C392}.Release|Any CPU.Build.0 = Release|Any CPU
	EndGlobalSection
	GlobalSection(SolutionProperties) = preSolution
		HideSolutionNode = FALSE
	EndGlobalSection
	GlobalSection(NestedProjects) = preSolution
		{D3E0D7F8-132F-4419-BF49-38600F5555F2} = {3C0FCFE7-808D-40C7-BE48-990C11F14528}
		{08F2EC89-33CE-47FE-A9E8-D6BC11629D9E} = {D9608A3B-EA6D-4928-9C46-A7265D6A06D9}
		{6131EF8D-6642-478E-9F1B-E9818014D386} = {D9608A3B-EA6D-4928-9C46-A7265D6A06D9}
		{EA167901-A0C1-4F7A-8F9D-D4D15EB5CA50} = {D9608A3B-EA6D-4928-9C46-A7265D6A06D9}
		{3779EAAA-FC1A-47AB-948B-ED589BDEBD59} = {D7864945-5F54-4BA7-B718-8274510810B7}
		{D08ABAEA-4BCA-4FDC-80AE-DDD7478C3AA5} = {D7864945-5F54-4BA7-B718-8274510810B7}
		{A9D6F9B4-5993-4B77-9548-311B11D19B42} = {3C0FCFE7-808D-40C7-BE48-990C11F14528}
		{FF25B6F1-F128-4019-92BA-8E5ED41A29FF} = {3C0FCFE7-808D-40C7-BE48-990C11F14528}
		{60DC0425-6B60-4F86-B206-EF12D845C392} = {D9608A3B-EA6D-4928-9C46-A7265D6A06D9}
	EndGlobalSection
EndGlobal
